
Microsoft Visual Studio Solution File, Format Version 12.00
# Visual Studio Version 17
VisualStudioVersion = 17.9.34728.123
MinimumVisualStudioVersion = 10.0.40219.1
Project("{FAE04EC0-301F-11D3-BF4B-00C04F79EFBC}") = "PETask", "PETask\PETask.csproj", "{3427A215-EDC8-4CDD-9C07-88E186780D43}"
EndProject
Global
	GlobalSection(SolutionConfigurationPlatforms) = preSolution
		Debug|Any CPU = Debug|Any CPU
		Release|Any CPU = Release|Any CPU
	EndGlobalSection
	GlobalSection(ProjectConfigurationPlatforms) = postSolution
		{3427A215-EDC8-4CDD-9C07-88E186780D43}.Debug|Any CPU.ActiveCfg = Debug|Any CPU
		{3427A215-EDC8-4CDD-9C07-88E186780D43}.Debug|Any CPU.Build.0 = Debug|Any CPU
		{3427A215-EDC8-4CDD-9C07-88E186780D43}.Release|Any CPU.ActiveCfg = Release|Any CPU
		{3427A215-EDC8-4CDD-9C07-88E186780D43}.Release|Any CPU.Build.0 = Release|Any CPU
	EndGlobalSection
	GlobalSection(SolutionProperties) = preSolution
		HideSolutionNode = FALSE
	EndGlobalSection
	GlobalSection(ExtensibilityGlobals) = postSolution
		SolutionGuid = {1A32CF73-4890-4AB7-92DD-4867DC6C1598}
	EndGlobalSection
EndGlobal
